
Microsoft Visual Studio Solution File, Format Version 12.00
Project("{FAE04EC0-301F-11D3-BF4B-00C04F79EFBC}") = "ConsoleApp19", "ConsoleApp19.csproj", "{70F89705-8841-4C55-B203-AF7BCBEFA79B}"
EndProject
Global
	GlobalSection(SolutionConfigurationPlatforms) = preSolution
		Debug|Any CPU = Debug|Any CPU
		Release|Any CPU = Release|Any CPU
	EndGlobalSection
	GlobalSection(ProjectConfigurationPlatforms) = postSolution
		{70F89705-8841-4C55-B203-AF7BCBEFA79B}.Debug|Any CPU.ActiveCfg = Debug|Any CPU
		{70F89705-8841-4C55-B203-AF7BCBEFA79B}.Debug|Any CPU.Build.0 = Debug|Any CPU
		{70F89705-8841-4C55-B203-AF7BCBEFA79B}.Release|Any CPU.ActiveCfg = Release|Any CPU
		{70F89705-8841-4C55-B203-AF7BCBEFA79B}.Release|Any CPU.Build.0 = Release|Any CPU
	EndGlobalSection
EndGlobal
